// !$*UTF8*$!
{
	archiveVersion = 1;
	classes = {
	};
	objectVersion = 55;
	objects = {

/* Begin PBXBuildFile section */
		3627320C2890169000359169 /* UserInformation.swift in Sources */ = {isa = PBXBuildFile; fileRef = 3627320B2890169000359169 /* UserInformation.swift */; };
		362DD3B6288D367D00F35DF9 /* AppDelegate.swift in Sources */ = {isa = PBXBuildFile; fileRef = 362DD3B5288D367D00F35DF9 /* AppDelegate.swift */; };
		362DD3B8288D367D00F35DF9 /* SceneDelegate.swift in Sources */ = {isa = PBXBuildFile; fileRef = 362DD3B7288D367D00F35DF9 /* SceneDelegate.swift */; };
		362DD3BA288D367D00F35DF9 /* ViewController.swift in Sources */ = {isa = PBXBuildFile; fileRef = 362DD3B9288D367D00F35DF9 /* ViewController.swift */; };
		362DD3BD288D367D00F35DF9 /* Main.storyboard in Resources */ = {isa = PBXBuildFile; fileRef = 362DD3BB288D367D00F35DF9 /* Main.storyboard */; };
		362DD3BF288D368000F35DF9 /* Assets.xcassets in Resources */ = {isa = PBXBuildFile; fileRef = 362DD3BE288D368000F35DF9 /* Assets.xcassets */; };
		362DD3C2288D368000F35DF9 /* LaunchScreen.storyboard in Resources */ = {isa = PBXBuildFile; fileRef = 362DD3C0288D368000F35DF9 /* LaunchScreen.storyboard */; };
		362DD3CD288D368000F35DF9 /* MySignUpTests.swift in Sources */ = {isa = PBXBuildFile; fileRef = 362DD3CC288D368000F35DF9 /* MySignUpTests.swift */; };
		362DD3D7288D368000F35DF9 /* MySignUpUITests.swift in Sources */ = {isa = PBXBuildFile; fileRef = 362DD3D6288D368000F35DF9 /* MySignUpUITests.swift */; };
		362DD3D9288D368000F35DF9 /* MySignUpUITestsLaunchTests.swift in Sources */ = {isa = PBXBuildFile; fileRef = 362DD3D8288D368000F35DF9 /* MySignUpUITestsLaunchTests.swift */; };
		362DD3E6288D380200F35DF9 /* SecondViewController.swift in Sources */ = {isa = PBXBuildFile; fileRef = 362DD3E5288D380200F35DF9 /* SecondViewController.swift */; };
/* End PBXBuildFile section */

/* Begin PBXContainerItemProxy section */
		362DD3C9288D368000F35DF9 /* PBXContainerItemProxy */ = {
			isa = PBXContainerItemProxy;
			containerPortal = 362DD3AA288D367D00F35DF9 /* Project object */;
			proxyType = 1;
			remoteGlobalIDString = 362DD3B1288D367D00F35DF9;
			remoteInfo = MySignUp;
		};
		362DD3D3288D368000F35DF9 /* PBXContainerItemProxy */ = {
			isa = PBXContainerItemProxy;
			containerPortal = 362DD3AA288D367D00F35DF9 /* Project object */;
			proxyType = 1;
			remoteGlobalIDString = 362DD3B1288D367D00F35DF9;
			remoteInfo = MySignUp;
		};
/* End PBXContainerItemProxy section */

/* Begin PBXFileReference section */
		3627320B2890169000359169 /* UserInformation.swift */ = {isa = PBXFileReference; lastKnownFileType = sourcecode.swift; path = UserInformation.swift; sourceTree = "<group>"; };
		362DD3B2288D367D00F35DF9 /* MySignUp.app */ = {isa = PBXFileReference; explicitFileType = wrapper.application; includeInIndex = 0; path = MySignUp.app; sourceTree = BUILT_PRODUCTS_DIR; };
		362DD3B5288D367D00F35DF9 /* AppDelegate.swift */ = {isa = PBXFileReference; lastKnownFileType = sourcecode.swift; path = AppDelegate.swift; sourceTree = "<group>"; };
		362DD3B7288D367D00F35DF9 /* SceneDelegate.swift */ = {isa = PBXFileReference; lastKnownFileType = sourcecode.swift; path = SceneDelegate.swift; sourceTree = "<group>"; };
		362DD3B9288D367D00F35DF9 /* ViewController.swift */ = {isa = PBXFileReference; lastKnownFileType = sourcecode.swift; path = ViewController.swift; sourceTree = "<group>"; };
		362DD3BC288D367D00F35DF9 /* Base */ = {isa = PBXFileReference; lastKnownFileType = file.storyboard; name = Base; path = Base.lproj/Main.storyboard; sourceTree = "<group>"; };
		362DD3BE288D368000F35DF9 /* Assets.xcassets */ = {isa = PBXFileReference; lastKnownFileType = folder.assetcatalog; path = Assets.xcassets; sourceTree = "<group>"; };
		362DD3C1288D368000F35DF9 /* Base */ = {isa = PBXFileReference; lastKnownFileType = file.storyboard; name = Base; path = Base.lproj/LaunchScreen.storyboard; sourceTree = "<group>"; };
		362DD3C3288D368000F35DF9 /* Info.plist */ = {isa = PBXFileReference; lastKnownFileType = text.plist.xml; path = Info.plist; sourceTree = "<group>"; };
		362DD3C8288D368000F35DF9 /* MySignUpTests.xctest */ = {isa = PBXFileReference; explicitFileType = wrapper.cfbundle; includeInIndex = 0; path = MySignUpTests.xctest; sourceTree = BUILT_PRODUCTS_DIR; };
		362DD3CC288D368000F35DF9 /* MySignUpTests.swift */ = {isa = PBXFileReference; lastKnownFileType = sourcecode.swift; path = MySignUpTests.swift; sourceTree = "<group>"; };
		362DD3D2288D368000F35DF9 /* MySignUpUITests.xctest */ = {isa = PBXFileReference; explicitFileType = wrapper.cfbundle; includeInIndex = 0; path = MySignUpUITests.xctest; sourceTree = BUILT_PRODUCTS_DIR; };
		362DD3D6288D368000F35DF9 /* MySignUpUITests.swift */ = {isa = PBXFileReference; lastKnownFileType = sourcecode.swift; path = MySignUpUITests.swift; sourceTree = "<group>"; };
		362DD3D8288D368000F35DF9 /* MySignUpUITestsLaunchTests.swift */ = {isa = PBXFileReference; lastKnownFileType = sourcecode.swift; path = MySignUpUITestsLaunchTests.swift; sourceTree = "<group>"; };
		362DD3E5288D380200F35DF9 /* SecondViewController.swift */ = {isa = PBXFileReference; lastKnownFileType = sourcecode.swift; path = SecondViewController.swift; sourceTree = "<group>"; };
/* End PBXFileReference section */

/* Begin PBXFrameworksBuildPhase section */
		362DD3AF288D367D00F35DF9 /* Frameworks */ = {
			isa = PBXFrameworksBuildPhase;
			buildActionMask = 2147483647;
			files = (
			);
			runOnlyForDeploymentPostprocessing = 0;
		};
		362DD3C5288D368000F35DF9 /* Frameworks */ = {
			isa = PBXFrameworksBuildPhase;
			buildActionMask = 2147483647;
			files = (
			);
			runOnlyForDeploymentPostprocessing = 0;
		};
		362DD3CF288D368000F35DF9 /* Frameworks */ = {
			isa = PBXFrameworksBuildPhase;
			buildActionMask = 2147483647;
			files = (
			);
			runOnlyForDeploymentPostprocessing = 0;
		};
/* End PBXFrameworksBuildPhase section */

/* Begin PBXGroup section */
		362DD3A9288D367D00F35DF9 = {
			isa = PBXGroup;
			children = (
				3627320B2890169000359169 /* UserInformation.swift */,
				362DD3B4288D367D00F35DF9 /* MySignUp */,
				362DD3CB288D368000F35DF9 /* MySignUpTests */,
				362DD3D5288D368000F35DF9 /* MySignUpUITests */,
				362DD3B3288D367D00F35DF9 /* Products */,
			);
			sourceTree = "<group>";
		};
		362DD3B3288D367D00F35DF9 /* Products */ = {
			isa = PBXGroup;
			children = (
				362DD3B2288D367D00F35DF9 /* MySignUp.app */,
				362DD3C8288D368000F35DF9 /* MySignUpTests.xctest */,
				362DD3D2288D368000F35DF9 /* MySignUpUITests.xctest */,
			);
			name = Products;
			sourceTree = "<group>";
		};
		362DD3B4288D367D00F35DF9 /* MySignUp */ = {
			isa = PBXGroup;
			children = (
				362DD3B5288D367D00F35DF9 /* AppDelegate.swift */,
				362DD3B7288D367D00F35DF9 /* SceneDelegate.swift */,
				362DD3B9288D367D00F35DF9 /* ViewController.swift */,
				362DD3BB288D367D00F35DF9 /* Main.storyboard */,
				362DD3E5288D380200F35DF9 /* SecondViewController.swift */,
				362DD3BE288D368000F35DF9 /* Assets.xcassets */,
				362DD3C0288D368000F35DF9 /* LaunchScreen.storyboard */,
				362DD3C3288D368000F35DF9 /* Info.plist */,
			);
			path = MySignUp;
			sourceTree = "<group>";
		};
		362DD3CB288D368000F35DF9 /* MySignUpTests */ = {
			isa = PBXGroup;
			children = (
				362DD3CC288D368000F35DF9 /* MySignUpTests.swift */,
			);
			path = MySignUpTests;
			sourceTree = "<group>";
		};
		362DD3D5288D368000F35DF9 /* MySignUpUITests */ = {
			isa = PBXGroup;
			children = (
				362DD3D6288D368000F35DF9 /* MySignUpUITests.swift */,
				362DD3D8288D368000F35DF9 /* MySignUpUITestsLaunchTests.swift */,
			);
			path = MySignUpUITests;
			sourceTree = "<group>";
		};
/* End PBXGroup section */

/* Begin PBXNativeTarget section */
		362DD3B1288D367D00F35DF9 /* MySignUp */ = {
			isa = PBXNativeTarget;
			buildConfigurationList = 362DD3DC288D368000F35DF9 /* Build configuration list for PBXNativeTarget "MySignUp" */;
			buildPhases = (
				362DD3AE288D367D00F35DF9 /* Sources */,
				362DD3AF288D367D00F35DF9 /* Frameworks */,
				362DD3B0288D367D00F35DF9 /* Resources */,
			);
			buildRules = (
			);
			dependencies = (
			);
			name = MySignUp;
			productName = MySignUp;
			productReference = 362DD3B2288D367D00F35DF9 /* MySignUp.app */;
			productType = "com.apple.product-type.application";
		};
		362DD3C7288D368000F35DF9 /* MySignUpTests */ = {
			isa = PBXNativeTarget;
			buildConfigurationList = 362DD3DF288D368000F35DF9 /* Build configuration list for PBXNativeTarget "MySignUpTests" */;
			buildPhases = (
				362DD3C4288D368000F35DF9 /* Sources */,
				362DD3C5288D368000F35DF9 /* Frameworks */,
				362DD3C6288D368000F35DF9 /* Resources */,
			);
			buildRules = (
			);
			dependencies = (
				362DD3CA288D368000F35DF9 /* PBXTargetDependency */,
			);
			name = MySignUpTests;
			productName = MySignUpTests;
			productReference = 362DD3C8288D368000F35DF9 /* MySignUpTests.xctest */;
			productType = "com.apple.product-type.bundle.unit-test";
		};
		362DD3D1288D368000F35DF9 /* MySignUpUITests */ = {
			isa = PBXNativeTarget;
			buildConfigurationList = 362DD3E2288D368000F35DF9 /* Build configuration list for PBXNativeTarget "MySignUpUITests" */;
			buildPhases = (
				362DD3CE288D368000F35DF9 /* Sources */,
				362DD3CF288D368000F35DF9 /* Frameworks */,
				362DD3D0288D368000F35DF9 /* Resources */,
			);
			buildRules = (
			);
			dependencies = (
				362DD3D4288D368000F35DF9 /* PBXTargetDependency */,
			);
			name = MySignUpUITests;
			productName = MySignUpUITests;
			productReference = 362DD3D2288D368000F35DF9 /* MySignUpUITests.xctest */;
			productType = "com.apple.product-type.bundle.ui-testing";
		};
/* End PBXNativeTarget section */

/* Begin PBXProject section */
		362DD3AA288D367D00F35DF9 /* Project object */ = {
			isa = PBXProject;
			attributes = {
				BuildIndependentTargetsInParallel = 1;
				LastSwiftUpdateCheck = 1340;
				LastUpgradeCheck = 1340;
				TargetAttributes = {
					362DD3B1288D367D00F35DF9 = {
						CreatedOnToolsVersion = 13.4.1;
					};
					362DD3C7288D368000F35DF9 = {
						CreatedOnToolsVersion = 13.4.1;
						TestTargetID = 362DD3B1288D367D00F35DF9;
					};
					362DD3D1288D368000F35DF9 = {
						CreatedOnToolsVersion = 13.4.1;
						TestTargetID = 362DD3B1288D367D00F35DF9;
					};
				};
			};
			buildConfigurationList = 362DD3AD288D367D00F35DF9 /* Build configuration list for PBXProject "MySignUp" */;
			compatibilityVersion = "Xcode 13.0";
			developmentRegion = en;
			hasScannedForEncodings = 0;
			knownRegions = (
				en,
				Base,
			);
			mainGroup = 362DD3A9288D367D00F35DF9;
			productRefGroup = 362DD3B3288D367D00F35DF9 /* Products */;
			projectDirPath = "";
			projectRoot = "";
			targets = (
				362DD3B1288D367D00F35DF9 /* MySignUp */,
				362DD3C7288D368000F35DF9 /* MySignUpTests */,
				362DD3D1288D368000F35DF9 /* MySignUpUITests */,
			);
		};
/* End PBXProject section */

/* Begin PBXResourcesBuildPhase section */
		362DD3B0288D367D00F35DF9 /* Resources */ = {
			isa = PBXResourcesBuildPhase;
			buildActionMask = 2147483647;
			files = (
				362DD3C2288D368000F35DF9 /* LaunchScreen.storyboard in Resources */,
				362DD3BF288D368000F35DF9 /* Assets.xcassets in Resources */,
				362DD3BD288D367D00F35DF9 /* Main.storyboard in Resources */,
			);
			runOnlyForDeploymentPostprocessing = 0;
		};
		362DD3C6288D368000F35DF9 /* Resources */ = {
			isa = PBXResourcesBuildPhase;
			buildActionMask = 2147483647;
			files = (
			);
			runOnlyForDeploymentPostprocessing = 0;
		};
		362DD3D0288D368000F35DF9 /* Resources */ = {
			isa = PBXResourcesBuildPhase;
			buildActionMask = 2147483647;
			files = (
			);
			runOnlyForDeploymentPostprocessing = 0;
		};
/* End PBXResourcesBuildPhase section */

/* Begin PBXSourcesBuildPhase section */
		362DD3AE288D367D00F35DF9 /* Sources */ = {
			isa = PBXSourcesBuildPhase;
			buildActionMask = 2147483647;
			files = (
				3627320C2890169000359169 /* UserInformation.swift in Sources */,
				362DD3E6288D380200F35DF9 /* SecondViewController.swift in Sources */,
				362DD3BA288D367D00F35DF9 /* ViewController.swift in Sources */,
				362DD3B6288D367D00F35DF9 /* AppDelegate.swift in Sources */,
				362DD3B8288D367D00F35DF9 /* SceneDelegate.swift in Sources */,
			);
			runOnlyForDeploymentPostprocessing = 0;
		};
		362DD3C4288D368000F35DF9 /* Sources */ = {
			isa = PBXSourcesBuildPhase;
			buildActionMask = 2147483647;
			files = (
				362DD3CD288D368000F35DF9 /* MySignUpTests.swift in Sources */,
			);
			runOnlyForDeploymentPostprocessing = 0;
		};
		362DD3CE288D368000F35DF9 /* Sources */ = {
			isa = PBXSourcesBuildPhase;
			buildActionMask = 2147483647;
			files = (
				362DD3D9288D368000F35DF9 /* MySignUpUITestsLaunchTests.swift in Sources */,
				362DD3D7288D368000F35DF9 /* MySignUpUITests.swift in Sources */,
			);
			runOnlyForDeploymentPostprocessing = 0;
		};
/* End PBXSourcesBuildPhase section */

/* Begin PBXTargetDependency section */
		362DD3CA288D368000F35DF9 /* PBXTargetDependency */ = {
			isa = PBXTargetDependency;
			target = 362DD3B1288D367D00F35DF9 /* MySignUp */;
			targetProxy = 362DD3C9288D368000F35DF9 /* PBXContainerItemProxy */;
		};
		362DD3D4288D368000F35DF9 /* PBXTargetDependency */ = {
			isa = PBXTargetDependency;
			target = 362DD3B1288D367D00F35DF9 /* MySignUp */;
			targetProxy = 362DD3D3288D368000F35DF9 /* PBXContainerItemProxy */;
		};
/* End PBXTargetDependency section */

/* Begin PBXVariantGroup section */
		362DD3BB288D367D00F35DF9 /* Main.storyboard */ = {
			isa = PBXVariantGroup;
			children = (
				362DD3BC288D367D00F35DF9 /* Base */,
			);
			name = Main.storyboard;
			sourceTree = "<group>";
		};
		362DD3C0288D368000F35DF9 /* LaunchScreen.storyboard */ = {
			isa = PBXVariantGroup;
			children = (
				362DD3C1288D368000F35DF9 /* Base */,
			);
			name = LaunchScreen.storyboard;
			sourceTree = "<group>";
		};
/* End PBXVariantGroup section */

/* Begin XCBuildConfiguration section */
		362DD3DA288D368000F35DF9 /* Debug */ = {
			isa = XCBuildConfiguration;
			buildSettings = {
				ALWAYS_SEARCH_USER_PATHS = NO;
				CLANG_ANALYZER_NONNULL = YES;
				CLANG_ANALYZER_NUMBER_OBJECT_CONVERSION = YES_AGGRESSIVE;
				CLANG_CXX_LANGUAGE_STANDARD = "gnu++17";
				CLANG_ENABLE_MODULES = YES;
				CLANG_ENABLE_OBJC_ARC = YES;
				CLANG_ENABLE_OBJC_WEAK = YES;
				CLANG_WARN_BLOCK_CAPTURE_AUTORELEASING = YES;
				CLANG_WARN_BOOL_CONVERSION = YES;
				CLANG_WARN_COMMA = YES;
				CLANG_WARN_CONSTANT_CONVERSION = YES;
				CLANG_WARN_DEPRECATED_OBJC_IMPLEMENTATIONS = YES;
				CLANG_WARN_DIRECT_OBJC_ISA_USAGE = YES_ERROR;
				CLANG_WARN_DOCUMENTATION_COMMENTS = YES;
				CLANG_WARN_EMPTY_BODY = YES;
				CLANG_WARN_ENUM_CONVERSION = YES;
				CLANG_WARN_INFINITE_RECURSION = YES;
				CLANG_WARN_INT_CONVERSION = YES;
				CLANG_WARN_NON_LITERAL_NULL_CONVERSION = YES;
				CLANG_WARN_OBJC_IMPLICIT_RETAIN_SELF = YES;
				CLANG_WARN_OBJC_LITERAL_CONVERSION = YES;
				CLANG_WARN_OBJC_ROOT_CLASS = YES_ERROR;
				CLANG_WARN_QUOTED_INCLUDE_IN_FRAMEWORK_HEADER = YES;
				CLANG_WARN_RANGE_LOOP_ANALYSIS = YES;
				CLANG_WARN_STRICT_PROTOTYPES = YES;
				CLANG_WARN_SUSPICIOUS_MOVE = YES;
				CLANG_WARN_UNGUARDED_AVAILABILITY = YES_AGGRESSIVE;
				CLANG_WARN_UNREACHABLE_CODE = YES;
				CLANG_WARN__DUPLICATE_METHOD_MATCH = YES;
				COPY_PHASE_STRIP = NO;
				DEBUG_INFORMATION_FORMAT = dwarf;
				ENABLE_STRICT_OBJC_MSGSEND = YES;
				ENABLE_TESTABILITY = YES;
				GCC_C_LANGUAGE_STANDARD = gnu11;
				GCC_DYNAMIC_NO_PIC = NO;
				GCC_NO_COMMON_BLOCKS = YES;
				GCC_OPTIMIZATION_LEVEL = 0;
				GCC_PREPROCESSOR_DEFINITIONS = (
					"DEBUG=1",
					"$(inherited)",
				);
				GCC_WARN_64_TO_32_BIT_CONVERSION = YES;
				GCC_WARN_ABOUT_RETURN_TYPE = YES_ERROR;
				GCC_WARN_UNDECLARED_SELECTOR = YES;
				GCC_WARN_UNINITIALIZED_AUTOS = YES_AGGRESSIVE;
				GCC_WARN_UNUSED_FUNCTION = YES;
				GCC_WARN_UNUSED_VARIABLE = YES;
				IPHONEOS_DEPLOYMENT_TARGET = 15.5;
				MTL_ENABLE_DEBUG_INFO = INCLUDE_SOURCE;
				MTL_FAST_MATH = YES;
				ONLY_ACTIVE_ARCH = YES;
				SDKROOT = iphoneos;
				SWIFT_ACTIVE_COMPILATION_CONDITIONS = DEBUG;
				SWIFT_OPTIMIZATION_LEVEL = "-Onone";
			};
			name = Debug;
		};
		362DD3DB288D368000F35DF9 /* Release */ = {
			isa = XCBuildConfiguration;
			buildSettings = {
				ALWAYS_SEARCH_USER_PATHS = NO;
				CLANG_ANALYZER_NONNULL = YES;
				CLANG_ANALYZER_NUMBER_OBJECT_CONVERSION = YES_AGGRESSIVE;
				CLANG_CXX_LANGUAGE_STANDARD = "gnu++17";
				CLANG_ENABLE_MODULES = YES;
				CLANG_ENABLE_OBJC_ARC = YES;
				CLANG_ENABLE_OBJC_WEAK = YES;
				CLANG_WARN_BLOCK_CAPTURE_AUTORELEASING = YES;
				CLANG_WARN_BOOL_CONVERSION = YES;
				CLANG_WARN_COMMA = YES;
				CLANG_WARN_CONSTANT_CONVERSION = YES;
				CLANG_WARN_DEPRECATED_OBJC_IMPLEMENTATIONS = YES;
				CLANG_WARN_DIRECT_OBJC_ISA_USAGE = YES_ERROR;
				CLANG_WARN_DOCUMENTATION_COMMENTS = YES;
				CLANG_WARN_EMPTY_BODY = YES;
				CLANG_WARN_ENUM_CONVERSION = YES;
				CLANG_WARN_INFINITE_RECURSION = YES;
				CLANG_WARN_INT_CONVERSION = YES;
				CLANG_WARN_NON_LITERAL_NULL_CONVERSION = YES;
				CLANG_WARN_OBJC_IMPLICIT_RETAIN_SELF = YES;
				CLANG_WARN_OBJC_LITERAL_CONVERSION = YES;
				CLANG_WARN_OBJC_ROOT_CLASS = YES_ERROR;
				CLANG_WARN_QUOTED_INCLUDE_IN_FRAMEWORK_HEADER = YES;
				CLANG_WARN_RANGE_LOOP_ANALYSIS = YES;
				CLANG_WARN_STRICT_PROTOTYPES = YES;
				CLANG_WARN_SUSPICIOUS_MOVE = YES;
				CLANG_WARN_UNGUARDED_AVAILABILITY = YES_AGGRESSIVE;
				CLANG_WARN_UNREACHABLE_CODE = YES;
				CLANG_WARN__DUPLICATE_METHOD_MATCH = YES;
				COPY_PHASE_STRIP = NO;
				DEBUG_INFORMATION_FORMAT = "dwarf-with-dsym";
				ENABLE_NS_ASSERTIONS = NO;
				ENABLE_STRICT_OBJC_MSGSEND = YES;
				GCC_C_LANGUAGE_STANDARD = gnu11;
				GCC_NO_COMMON_BLOCKS = YES;
				GCC_WARN_64_TO_32_BIT_CONVERSION = YES;
				GCC_WARN_ABOUT_RETURN_TYPE = YES_ERROR;
				GCC_WARN_UNDECLARED_SELECTOR = YES;
				GCC_WARN_UNINITIALIZED_AUTOS = YES_AGGRESSIVE;
				GCC_WARN_UNUSED_FUNCTION = YES;
				GCC_WARN_UNUSED_VARIABLE = YES;
				IPHONEOS_DEPLOYMENT_TARGET = 15.5;
				MTL_ENABLE_DEBUG_INFO = NO;
				MTL_FAST_MATH = YES;
				SDKROOT = iphoneos;
				SWIFT_COMPILATION_MODE = wholemodule;
				SWIFT_OPTIMIZATION_LEVEL = "-O";
				VALIDATE_PRODUCT = YES;
			};
			name = Release;
		};
		362DD3DD288D368000F35DF9 /* Debug */ = {
			isa = XCBuildConfiguration;
			buildSettings = {
				ASSETCATALOG_COMPILER_APPICON_NAME = AppIcon;
				ASSETCATALOG_COMPILER_GLOBAL_ACCENT_COLOR_NAME = AccentColor;
				CODE_SIGN_STYLE = Automatic;
				CURRENT_PROJECT_VERSION = 1;
				DEVELOPMENT_TEAM = 8D8H8KC6DH;
				GENERATE_INFOPLIST_FILE = YES;
				INFOPLIST_FILE = MySignUp/Info.plist;
				INFOPLIST_KEY_UIApplicationSupportsIndirectInputEvents = YES;
				INFOPLIST_KEY_UILaunchStoryboardName = LaunchScreen;
				INFOPLIST_KEY_UIMainStoryboardFile = Main;
				INFOPLIST_KEY_UISupportedInterfaceOrientations_iPad = "UIInterfaceOrientationPortrait UIInterfaceOrientationPortraitUpsideDown UIInterfaceOrientationLandscapeLeft UIInterfaceOrientationLandscapeRight";
				INFOPLIST_KEY_UISupportedInterfaceOrientations_iPhone = "UIInterfaceOrientationPortrait UIInterfaceOrientationLandscapeLeft UIInterfaceOrientationLandscapeRight";
				LD_RUNPATH_SEARCH_PATHS = (
					"$(inherited)",
					"@executable_path/Frameworks",
				);
				MARKETING_VERSION = 1.0;
				PRODUCT_BUNDLE_IDENTIFIER = LJH.MySignUp;
				PRODUCT_NAME = "$(TARGET_NAME)";
				SWIFT_EMIT_LOC_STRINGS = YES;
				SWIFT_VERSION = 5.0;
				TARGETED_DEVICE_FAMILY = "1,2";
			};
			name = Debug;
		};
		362DD3DE288D368000F35DF9 /* Release */ = {
			isa = XCBuildConfiguration;
			buildSettings = {
				ASSETCATALOG_COMPILER_APPICON_NAME = AppIcon;
				ASSETCATALOG_COMPILER_GLOBAL_ACCENT_COLOR_NAME = AccentColor;
				CODE_SIGN_STYLE = Automatic;
				CURRENT_PROJECT_VERSION = 1;
				DEVELOPMENT_TEAM = 8D8H8KC6DH;
				GENERATE_INFOPLIST_FILE = YES;
				INFOPLIST_FILE = MySignUp/Info.plist;
				INFOPLIST_KEY_UIApplicationSupportsIndirectInputEvents = YES;
				INFOPLIST_KEY_UILaunchStoryboardName = LaunchScreen;
				INFOPLIST_KEY_UIMainStoryboardFile = Main;
				INFOPLIST_KEY_UISupportedInterfaceOrientations_iPad = "UIInterfaceOrientationPortrait UIInterfaceOrientationPortraitUpsideDown UIInterfaceOrientationLandscapeLeft UIInterfaceOrientationLandscapeRight";
				INFOPLIST_KEY_UISupportedInterfaceOrientations_iPhone = "UIInterfaceOrientationPortrait UIInterfaceOrientationLandscapeLeft UIInterfaceOrientationLandscapeRight";
				LD_RUNPATH_SEARCH_PATHS = (
					"$(inherited)",
					"@executable_path/Frameworks",
				);
				MARKETING_VERSION = 1.0;
				PRODUCT_BUNDLE_IDENTIFIER = LJH.MySignUp;
				PRODUCT_NAME = "$(TARGET_NAME)";
				SWIFT_EMIT_LOC_STRINGS = YES;
				SWIFT_VERSION = 5.0;
				TARGETED_DEVICE_FAMILY = "1,2";
			};
			name = Release;
		};
		362DD3E0288D368000F35DF9 /* Debug */ = {
			isa = XCBuildConfiguration;
			buildSettings = {
				ALWAYS_EMBED_SWIFT_STANDARD_LIBRARIES = YES;
				BUNDLE_LOADER = "$(TEST_HOST)";
				CODE_SIGN_STYLE = Automatic;
				CURRENT_PROJECT_VERSION = 1;
				GENERATE_INFOPLIST_FILE = YES;
				IPHONEOS_DEPLOYMENT_TARGET = 15.5;
				MARKETING_VERSION = 1.0;
				PRODUCT_BUNDLE_IDENTIFIER = LJH.MySignUpTests;
				PRODUCT_NAME = "$(TARGET_NAME)";
				SWIFT_EMIT_LOC_STRINGS = NO;
				SWIFT_VERSION = 5.0;
				TARGETED_DEVICE_FAMILY = "1,2";
				TEST_HOST = "$(BUILT_PRODUCTS_DIR)/MySignUp.app/MySignUp";
			};
			name = Debug;
		};
		362DD3E1288D368000F35DF9 /* Release */ = {
			isa = XCBuildConfiguration;
			buildSettings = {
				ALWAYS_EMBED_SWIFT_STANDARD_LIBRARIES = YES;
				BUNDLE_LOADER = "$(TEST_HOST)";
				CODE_SIGN_STYLE = Automatic;
				CURRENT_PROJECT_VERSION = 1;
				GENERATE_INFOPLIST_FILE = YES;
				IPHONEOS_DEPLOYMENT_TARGET = 15.5;
				MARKETING_VERSION = 1.0;
				PRODUCT_BUNDLE_IDENTIFIER = LJH.MySignUpTests;
				PRODUCT_NAME = "$(TARGET_NAME)";
				SWIFT_EMIT_LOC_STRINGS = NO;
				SWIFT_VERSION = 5.0;
				TARGETED_DEVICE_FAMILY = "1,2";
				TEST_HOST = "$(BUILT_PRODUCTS_DIR)/MySignUp.app/MySignUp";
			};
			name = Release;
		};
		362DD3E3288D368000F35DF9 /* Debug */ = {
			isa = XCBuildConfiguration;
			buildSettings = {
				ALWAYS_EMBED_SWIFT_STANDARD_LIBRARIES = YES;
				CODE_SIGN_STYLE = Automatic;
				CURRENT_PROJECT_VERSION = 1;
				GENERATE_INFOPLIST_FILE = YES;
				MARKETING_VERSION = 1.0;
				PRODUCT_BUNDLE_IDENTIFIER = LJH.MySignUpUITests;
				PRODUCT_NAME = "$(TARGET_NAME)";
				SWIFT_EMIT_LOC_STRINGS = NO;
				SWIFT_VERSION = 5.0;
				TARGETED_DEVICE_FAMILY = "1,2";
				TEST_TARGET_NAME = MySignUp;
			};
			name = Debug;
		};
		362DD3E4288D368000F35DF9 /* Release */ = {
			isa = XCBuildConfiguration;
			buildSettings = {
				ALWAYS_EMBED_SWIFT_STANDARD_LIBRARIES = YES;
				CODE_SIGN_STYLE = Automatic;
				CURRENT_PROJECT_VERSION = 1;
				GENERATE_INFOPLIST_FILE = YES;
				MARKETING_VERSION = 1.0;
				PRODUCT_BUNDLE_IDENTIFIER = LJH.MySignUpUITests;
				PRODUCT_NAME = "$(TARGET_NAME)";
				SWIFT_EMIT_LOC_STRINGS = NO;
				SWIFT_VERSION = 5.0;
				TARGETED_DEVICE_FAMILY = "1,2";
				TEST_TARGET_NAME = MySignUp;
			};
			name = Release;
		};
/* End XCBuildConfiguration section */

/* Begin XCConfigurationList section */
		362DD3AD288D367D00F35DF9 /* Build configuration list for PBXProject "MySignUp" */ = {
			isa = XCConfigurationList;
			buildConfigurations = (
				362DD3DA288D368000F35DF9 /* Debug */,
				362DD3DB288D368000F35DF9 /* Release */,
			);
			defaultConfigurationIsVisible = 0;
			defaultConfigurationName = Release;
		};
		362DD3DC288D368000F35DF9 /* Build configuration list for PBXNativeTarget "MySignUp" */ = {
			isa = XCConfigurationList;
			buildConfigurations = (
				362DD3DD288D368000F35DF9 /* Debug */,
				362DD3DE288D368000F35DF9 /* Release */,
			);
			defaultConfigurationIsVisible = 0;
			defaultConfigurationName = Release;
		};
		362DD3DF288D368000F35DF9 /* Build configuration list for PBXNativeTarget "MySignUpTests" */ = {
			isa = XCConfigurationList;
			buildConfigurations = (
				362DD3E0288D368000F35DF9 /* Debug */,
				362DD3E1288D368000F35DF9 /* Release */,
			);
			defaultConfigurationIsVisible = 0;
			defaultConfigurationName = Release;
		};
		362DD3E2288D368000F35DF9 /* Build configuration list for PBXNativeTarget "MySignUpUITests" */ = {
			isa = XCConfigurationList;
			buildConfigurations = (
				362DD3E3288D368000F35DF9 /* Debug */,
				362DD3E4288D368000F35DF9 /* Release */,
			);
			defaultConfigurationIsVisible = 0;
			defaultConfigurationName = Release;
		};
/* End XCConfigurationList section */
	};
	rootObject = 362DD3AA288D367D00F35DF9 /* Project object */;
}
